
Microsoft Visual Studio Solution File, Format Version 12.00
# Visual Studio Version 17
VisualStudioVersion = 17.0.31912.275
MinimumVisualStudioVersion = 10.0.40219.1
Project("{FAE04EC0-301F-11D3-BF4B-00C04F79EFBC}") = "ConsoleApp1", "ConsoleApp1\ConsoleApp1.csproj", "{6F9F2BE5-0990-47E8-837D-0682897039D5}"
EndProject
Global
	GlobalSection(SolutionConfigurationPlatforms) = preSolution
		Debug|Any CPU = Debug|Any CPU
		Release|Any CPU = Release|Any CPU
	EndGlobalSection
	GlobalSection(ProjectConfigurationPlatforms) = postSolution
		{6F9F2BE5-0990-47E8-837D-0682897039D5}.Debug|Any CPU.ActiveCfg = Debug|Any CPU
		{6F9F2BE5-0990-47E8-837D-0682897039D5}.Debug|Any CPU.Build.0 = Debug|Any CPU
		{6F9F2BE5-0990-47E8-837D-0682897039D5}.Release|Any CPU.ActiveCfg = Release|Any CPU
		{6F9F2BE5-0990-47E8-837D-0682897039D5}.Release|Any CPU.Build.0 = Release|Any CPU
	EndGlobalSection
	GlobalSection(SolutionProperties) = preSolution
		HideSolutionNode = FALSE
	EndGlobalSection
	GlobalSection(ExtensibilityGlobals) = postSolution
		SolutionGuid = {4CEE456B-98CC-456D-882E-EB260C3EA3B5}
	EndGlobalSection
EndGlobal
